{"1.1.0",
[{<<"ecpool">>,
  {git,"https://github.com/emqx/ecpool.git",
       {ref,"c637a98ab62808b4886ecf35c98346eae44cb918"}},
  1},
 {<<"gen_logger">>,
  {git,"https://github.com/emqtt/gen_logger.git",
       {ref,"e3c9c60b153642193319c793501b10c263d76477"}},
  1},
 {<<"goldrush">>,{pkg,<<"goldrush">>,<<"0.1.9">>},1},
 {<<"gproc">>,
  {git,"git://github.com/uwiger/gproc.git",
       {ref,"ed37980aa895cd3643e101f36cc2c3bdf1daa7fc"}},
  2},
 {<<"lager">>,
  {git,"https://github.com/erlang-lager/lager.git",
       {ref,"16780a62ff4dabc54c7c08f1a1b6b2737a219765"}},
  0},
 {<<"sync">>,
  {git,"git://github.com/rustyio/sync.git",
       {ref,"9b207f7396e8c037c66db1b3ca8f7b0338586397"}},
  0}]}.
[
{pkg_hash,[
 {<<"goldrush">>, <<"F06E5D5F1277DA5C413E84D5A2924174182FB108DABB39D5EC548B27424CD106">>}]}
].
